// !$*UTF8*$!
{
	archiveVersion = 1;
	classes = {
	};
	objectVersion = 55;
	objects = {

/* Begin PBXBuildFile section */
		7E49E13328244B22009F4C5D /* fender_stratocaster.usdz in Resources */ = {isa = PBXBuildFile; fileRef = 7E49E12E28244B21009F4C5D /* fender_stratocaster.usdz */; };
		7E49E13428244B22009F4C5D /* wateringcan.usdz in Resources */ = {isa = PBXBuildFile; fileRef = 7E49E12F28244B21009F4C5D /* wateringcan.usdz */; };
		7E49E13528244B22009F4C5D /* flower_tulip.usdz in Resources */ = {isa = PBXBuildFile; fileRef = 7E49E13028244B21009F4C5D /* flower_tulip.usdz */; };
		7E49E13628244B22009F4C5D /* lemon_meringue_pie.usdz in Resources */ = {isa = PBXBuildFile; fileRef = 7E49E13128244B22009F4C5D /* lemon_meringue_pie.usdz */; };
		7E49E13728244B22009F4C5D /* toy_biplane.usdz in Resources */ = {isa = PBXBuildFile; fileRef = 7E49E13228244B22009F4C5D /* toy_biplane.usdz */; };
		7E49E1392824641D009F4C5D /* Model.swift in Sources */ = {isa = PBXBuildFile; fileRef = 7E49E1382824641D009F4C5D /* Model.swift */; };
		7EBE2EE02822CC83006A12CF /* AppDelegate.swift in Sources */ = {isa = PBXBuildFile; fileRef = 7EBE2EDF2822CC83006A12CF /* AppDelegate.swift */; };
		7EBE2EE22822CC83006A12CF /* ContentView.swift in Sources */ = {isa = PBXBuildFile; fileRef = 7EBE2EE12822CC83006A12CF /* ContentView.swift */; };
		7EBE2EE62822CC85006A12CF /* Assets.xcassets in Resources */ = {isa = PBXBuildFile; fileRef = 7EBE2EE52822CC85006A12CF /* Assets.xcassets */; };
		7EBE2EE92822CC85006A12CF /* Preview Assets.xcassets in Resources */ = {isa = PBXBuildFile; fileRef = 7EBE2EE82822CC85006A12CF /* Preview Assets.xcassets */; };
/* End PBXBuildFile section */

/* Begin PBXFileReference section */
		7E49E12E28244B21009F4C5D /* fender_stratocaster.usdz */ = {isa = PBXFileReference; lastKnownFileType = file.usdz; path = fender_stratocaster.usdz; sourceTree = "<group>"; };
		7E49E12F28244B21009F4C5D /* wateringcan.usdz */ = {isa = PBXFileReference; lastKnownFileType = file.usdz; path = wateringcan.usdz; sourceTree = "<group>"; };
		7E49E13028244B21009F4C5D /* flower_tulip.usdz */ = {isa = PBXFileReference; lastKnownFileType = file.usdz; path = flower_tulip.usdz; sourceTree = "<group>"; };
		7E49E13128244B22009F4C5D /* lemon_meringue_pie.usdz */ = {isa = PBXFileReference; lastKnownFileType = file.usdz; path = lemon_meringue_pie.usdz; sourceTree = "<group>"; };
		7E49E13228244B22009F4C5D /* toy_biplane.usdz */ = {isa = PBXFileReference; lastKnownFileType = file.usdz; path = toy_biplane.usdz; sourceTree = "<group>"; };
		7E49E1382824641D009F4C5D /* Model.swift */ = {isa = PBXFileReference; lastKnownFileType = sourcecode.swift; path = Model.swift; sourceTree = "<group>"; };
		7EBE2EDC2822CC83006A12CF /* Pickar.app */ = {isa = PBXFileReference; explicitFileType = wrapper.application; includeInIndex = 0; path = Pickar.app; sourceTree = BUILT_PRODUCTS_DIR; };
		7EBE2EDF2822CC83006A12CF /* AppDelegate.swift */ = {isa = PBXFileReference; lastKnownFileType = sourcecode.swift; path = AppDelegate.swift; sourceTree = "<group>"; };
		7EBE2EE12822CC83006A12CF /* ContentView.swift */ = {isa = PBXFileReference; lastKnownFileType = sourcecode.swift; path = ContentView.swift; sourceTree = "<group>"; };
		7EBE2EE52822CC85006A12CF /* Assets.xcassets */ = {isa = PBXFileReference; lastKnownFileType = folder.assetcatalog; path = Assets.xcassets; sourceTree = "<group>"; };
		7EBE2EE82822CC85006A12CF /* Preview Assets.xcassets */ = {isa = PBXFileReference; lastKnownFileType = folder.assetcatalog; path = "Preview Assets.xcassets"; sourceTree = "<group>"; };
/* End PBXFileReference section */

/* Begin PBXFrameworksBuildPhase section */
		7EBE2ED92822CC83006A12CF /* Frameworks */ = {
			isa = PBXFrameworksBuildPhase;
			buildActionMask = 2147483647;
			files = (
			);
			runOnlyForDeploymentPostprocessing = 0;
		};
/* End PBXFrameworksBuildPhase section */

/* Begin PBXGroup section */
		7E49E12D28244A6E009F4C5D /* Models */ = {
			isa = PBXGroup;
			children = (
				7E49E12E28244B21009F4C5D /* fender_stratocaster.usdz */,
				7E49E13028244B21009F4C5D /* flower_tulip.usdz */,
				7E49E13128244B22009F4C5D /* lemon_meringue_pie.usdz */,
				7E49E13228244B22009F4C5D /* toy_biplane.usdz */,
				7E49E12F28244B21009F4C5D /* wateringcan.usdz */,
			);
			path = Models;
			sourceTree = "<group>";
		};
		7EBE2ED32822CC83006A12CF = {
			isa = PBXGroup;
			children = (
				7EBE2EDE2822CC83006A12CF /* Pickar */,
				7EBE2EDD2822CC83006A12CF /* Products */,
			);
			sourceTree = "<group>";
		};
		7EBE2EDD2822CC83006A12CF /* Products */ = {
			isa = PBXGroup;
			children = (
				7EBE2EDC2822CC83006A12CF /* Pickar.app */,
			);
			name = Products;
			sourceTree = "<group>";
		};
		7EBE2EDE2822CC83006A12CF /* Pickar */ = {
			isa = PBXGroup;
			children = (
				7E49E12D28244A6E009F4C5D /* Models */,
				7EBE2EDF2822CC83006A12CF /* AppDelegate.swift */,
				7EBE2EE12822CC83006A12CF /* ContentView.swift */,
				7E49E1382824641D009F4C5D /* Model.swift */,
				7EBE2EE52822CC85006A12CF /* Assets.xcassets */,
				7EBE2EE72822CC85006A12CF /* Preview Content */,
			);
			path = Pickar;
			sourceTree = "<group>";
		};
		7EBE2EE72822CC85006A12CF /* Preview Content */ = {
			isa = PBXGroup;
			children = (
				7EBE2EE82822CC85006A12CF /* Preview Assets.xcassets */,
			);
			path = "Preview Content";
			sourceTree = "<group>";
		};
/* End PBXGroup section */

/* Begin PBXNativeTarget section */
		7EBE2EDB2822CC83006A12CF /* Pickar */ = {
			isa = PBXNativeTarget;
			buildConfigurationList = 7EBE2EEC2822CC85006A12CF /* Build configuration list for PBXNativeTarget "Pickar" */;
			buildPhases = (
				7EBE2ED82822CC83006A12CF /* Sources */,
				7EBE2ED92822CC83006A12CF /* Frameworks */,
				7EBE2EDA2822CC83006A12CF /* Resources */,
			);
			buildRules = (
			);
			dependencies = (
			);
			name = Pickar;
			productName = Pickar;
			productReference = 7EBE2EDC2822CC83006A12CF /* Pickar.app */;
			productType = "com.apple.product-type.application";
		};
/* End PBXNativeTarget section */

/* Begin PBXProject section */
		7EBE2ED42822CC83006A12CF /* Project object */ = {
			isa = PBXProject;
			attributes = {
				BuildIndependentTargetsInParallel = 1;
				LastSwiftUpdateCheck = 1330;
				LastUpgradeCheck = 1330;
				TargetAttributes = {
					7EBE2EDB2822CC83006A12CF = {
						CreatedOnToolsVersion = 13.3.1;
					};
				};
			};
			buildConfigurationList = 7EBE2ED72822CC83006A12CF /* Build configuration list for PBXProject "Pickar" */;
			compatibilityVersion = "Xcode 13.0";
			developmentRegion = en;
			hasScannedForEncodings = 0;
			knownRegions = (
				en,
				Base,
			);
			mainGroup = 7EBE2ED32822CC83006A12CF;
			productRefGroup = 7EBE2EDD2822CC83006A12CF /* Products */;
			projectDirPath = "";
			projectRoot = "";
			targets = (
				7EBE2EDB2822CC83006A12CF /* Pickar */,
			);
		};
/* End PBXProject section */

/* Begin PBXResourcesBuildPhase section */
		7EBE2EDA2822CC83006A12CF /* Resources */ = {
			isa = PBXResourcesBuildPhase;
			buildActionMask = 2147483647;
			files = (
				7EBE2EE92822CC85006A12CF /* Preview Assets.xcassets in Resources */,
				7EBE2EE62822CC85006A12CF /* Assets.xcassets in Resources */,
				7E49E13628244B22009F4C5D /* lemon_meringue_pie.usdz in Resources */,
				7E49E13328244B22009F4C5D /* fender_stratocaster.usdz in Resources */,
				7E49E13528244B22009F4C5D /* flower_tulip.usdz in Resources */,
				7E49E13428244B22009F4C5D /* wateringcan.usdz in Resources */,
				7E49E13728244B22009F4C5D /* toy_biplane.usdz in Resources */,
			);
			runOnlyForDeploymentPostprocessing = 0;
		};
/* End PBXResourcesBuildPhase section */

/* Begin PBXSourcesBuildPhase section */
		7EBE2ED82822CC83006A12CF /* Sources */ = {
			isa = PBXSourcesBuildPhase;
			buildActionMask = 2147483647;
			files = (
				7E49E1392824641D009F4C5D /* Model.swift in Sources */,
				7EBE2EE22822CC83006A12CF /* ContentView.swift in Sources */,
				7EBE2EE02822CC83006A12CF /* AppDelegate.swift in Sources */,
			);
			runOnlyForDeploymentPostprocessing = 0;
		};
/* End PBXSourcesBuildPhase section */

/* Begin XCBuildConfiguration section */
		7EBE2EEA2822CC85006A12CF /* Debug */ = {
			isa = XCBuildConfiguration;
			buildSettings = {
				ALWAYS_SEARCH_USER_PATHS = NO;
				CLANG_ANALYZER_NONNULL = YES;
				CLANG_ANALYZER_NUMBER_OBJECT_CONVERSION = YES_AGGRESSIVE;
				CLANG_CXX_LANGUAGE_STANDARD = "gnu++17";
				CLANG_ENABLE_MODULES = YES;
				CLANG_ENABLE_OBJC_ARC = YES;
				CLANG_ENABLE_OBJC_WEAK = YES;
				CLANG_WARN_BLOCK_CAPTURE_AUTORELEASING = YES;
				CLANG_WARN_BOOL_CONVERSION = YES;
				CLANG_WARN_COMMA = YES;
				CLANG_WARN_CONSTANT_CONVERSION = YES;
				CLANG_WARN_DEPRECATED_OBJC_IMPLEMENTATIONS = YES;
				CLANG_WARN_DIRECT_OBJC_ISA_USAGE = YES_ERROR;
				CLANG_WARN_DOCUMENTATION_COMMENTS = YES;
				CLANG_WARN_EMPTY_BODY = YES;
				CLANG_WARN_ENUM_CONVERSION = YES;
				CLANG_WARN_INFINITE_RECURSION = YES;
				CLANG_WARN_INT_CONVERSION = YES;
				CLANG_WARN_NON_LITERAL_NULL_CONVERSION = YES;
				CLANG_WARN_OBJC_IMPLICIT_RETAIN_SELF = YES;
				CLANG_WARN_OBJC_LITERAL_CONVERSION = YES;
				CLANG_WARN_OBJC_ROOT_CLASS = YES_ERROR;
				CLANG_WARN_QUOTED_INCLUDE_IN_FRAMEWORK_HEADER = YES;
				CLANG_WARN_RANGE_LOOP_ANALYSIS = YES;
				CLANG_WARN_STRICT_PROTOTYPES = YES;
				CLANG_WARN_SUSPICIOUS_MOVE = YES;
				CLANG_WARN_UNGUARDED_AVAILABILITY = YES_AGGRESSIVE;
				CLANG_WARN_UNREACHABLE_CODE = YES;
				CLANG_WARN__DUPLICATE_METHOD_MATCH = YES;
				COPY_PHASE_STRIP = NO;
				DEBUG_INFORMATION_FORMAT = dwarf;
				ENABLE_STRICT_OBJC_MSGSEND = YES;
				ENABLE_TESTABILITY = YES;
				GCC_C_LANGUAGE_STANDARD = gnu11;
				GCC_DYNAMIC_NO_PIC = NO;
				GCC_NO_COMMON_BLOCKS = YES;
				GCC_OPTIMIZATION_LEVEL = 0;
				GCC_PREPROCESSOR_DEFINITIONS = (
					"DEBUG=1",
					"$(inherited)",
				);
				GCC_WARN_64_TO_32_BIT_CONVERSION = YES;
				GCC_WARN_ABOUT_RETURN_TYPE = YES_ERROR;
				GCC_WARN_UNDECLARED_SELECTOR = YES;
				GCC_WARN_UNINITIALIZED_AUTOS = YES_AGGRESSIVE;
				GCC_WARN_UNUSED_FUNCTION = YES;
				GCC_WARN_UNUSED_VARIABLE = YES;
				IPHONEOS_DEPLOYMENT_TARGET = 15.4;
				MTL_ENABLE_DEBUG_INFO = INCLUDE_SOURCE;
				MTL_FAST_MATH = YES;
				ONLY_ACTIVE_ARCH = YES;
				SDKROOT = iphoneos;
				SWIFT_ACTIVE_COMPILATION_CONDITIONS = DEBUG;
				SWIFT_OPTIMIZATION_LEVEL = "-Onone";
			};
			name = Debug;
		};
		7EBE2EEB2822CC85006A12CF /* Release */ = {
			isa = XCBuildConfiguration;
			buildSettings = {
				ALWAYS_SEARCH_USER_PATHS = NO;
				CLANG_ANALYZER_NONNULL = YES;
				CLANG_ANALYZER_NUMBER_OBJECT_CONVERSION = YES_AGGRESSIVE;
				CLANG_CXX_LANGUAGE_STANDARD = "gnu++17";
				CLANG_ENABLE_MODULES = YES;
				CLANG_ENABLE_OBJC_ARC = YES;
				CLANG_ENABLE_OBJC_WEAK = YES;
				CLANG_WARN_BLOCK_CAPTURE_AUTORELEASING = YES;
				CLANG_WARN_BOOL_CONVERSION = YES;
				CLANG_WARN_COMMA = YES;
				CLANG_WARN_CONSTANT_CONVERSION = YES;
				CLANG_WARN_DEPRECATED_OBJC_IMPLEMENTATIONS = YES;
				CLANG_WARN_DIRECT_OBJC_ISA_USAGE = YES_ERROR;
				CLANG_WARN_DOCUMENTATION_COMMENTS = YES;
				CLANG_WARN_EMPTY_BODY = YES;
				CLANG_WARN_ENUM_CONVERSION = YES;
				CLANG_WARN_INFINITE_RECURSION = YES;
				CLANG_WARN_INT_CONVERSION = YES;
				CLANG_WARN_NON_LITERAL_NULL_CONVERSION = YES;
				CLANG_WARN_OBJC_IMPLICIT_RETAIN_SELF = YES;
				CLANG_WARN_OBJC_LITERAL_CONVERSION = YES;
				CLANG_WARN_OBJC_ROOT_CLASS = YES_ERROR;
				CLANG_WARN_QUOTED_INCLUDE_IN_FRAMEWORK_HEADER = YES;
				CLANG_WARN_RANGE_LOOP_ANALYSIS = YES;
				CLANG_WARN_STRICT_PROTOTYPES = YES;
				CLANG_WARN_SUSPICIOUS_MOVE = YES;
				CLANG_WARN_UNGUARDED_AVAILABILITY = YES_AGGRESSIVE;
				CLANG_WARN_UNREACHABLE_CODE = YES;
				CLANG_WARN__DUPLICATE_METHOD_MATCH = YES;
				COPY_PHASE_STRIP = NO;
				DEBUG_INFORMATION_FORMAT = "dwarf-with-dsym";
				ENABLE_NS_ASSERTIONS = NO;
				ENABLE_STRICT_OBJC_MSGSEND = YES;
				GCC_C_LANGUAGE_STANDARD = gnu11;
				GCC_NO_COMMON_BLOCKS = YES;
				GCC_WARN_64_TO_32_BIT_CONVERSION = YES;
				GCC_WARN_ABOUT_RETURN_TYPE = YES_ERROR;
				GCC_WARN_UNDECLARED_SELECTOR = YES;
				GCC_WARN_UNINITIALIZED_AUTOS = YES_AGGRESSIVE;
				GCC_WARN_UNUSED_FUNCTION = YES;
				GCC_WARN_UNUSED_VARIABLE = YES;
				IPHONEOS_DEPLOYMENT_TARGET = 15.4;
				MTL_ENABLE_DEBUG_INFO = NO;
				MTL_FAST_MATH = YES;
				SDKROOT = iphoneos;
				SWIFT_COMPILATION_MODE = wholemodule;
				SWIFT_OPTIMIZATION_LEVEL = "-O";
				VALIDATE_PRODUCT = YES;
			};
			name = Release;
		};
		7EBE2EED2822CC85006A12CF /* Debug */ = {
			isa = XCBuildConfiguration;
			buildSettings = {
				ASSETCATALOG_COMPILER_APPICON_NAME = AppIcon;
				ASSETCATALOG_COMPILER_GLOBAL_ACCENT_COLOR_NAME = AccentColor;
				CODE_SIGN_STYLE = Automatic;
				CURRENT_PROJECT_VERSION = 1;
				DEVELOPMENT_ASSET_PATHS = "\"Pickar/Preview Content\"";
				DEVELOPMENT_TEAM = 3F8C4P2T95;
				ENABLE_PREVIEWS = YES;
				GENERATE_INFOPLIST_FILE = YES;
				INFOPLIST_KEY_NSCameraUsageDescription = "";
				INFOPLIST_KEY_UIApplicationSupportsIndirectInputEvents = YES;
				INFOPLIST_KEY_UILaunchScreen_Generation = YES;
				INFOPLIST_KEY_UIRequiredDeviceCapabilities = arkit;
				INFOPLIST_KEY_UIStatusBarHidden = YES;
				INFOPLIST_KEY_UISupportedInterfaceOrientations_iPad = "UIInterfaceOrientationPortrait UIInterfaceOrientationPortraitUpsideDown UIInterfaceOrientationLandscapeLeft UIInterfaceOrientationLandscapeRight";
				INFOPLIST_KEY_UISupportedInterfaceOrientations_iPhone = "UIInterfaceOrientationPortrait UIInterfaceOrientationLandscapeLeft UIInterfaceOrientationLandscapeRight";
				LD_RUNPATH_SEARCH_PATHS = (
					"$(inherited)",
					"@executable_path/Frameworks",
				);
				MARKETING_VERSION = 1.0;
				PRODUCT_BUNDLE_IDENTIFIER = com.rivaldofez.Pickar;
				PRODUCT_NAME = "$(TARGET_NAME)";
				SWIFT_EMIT_LOC_STRINGS = YES;
				SWIFT_VERSION = 5.0;
				TARGETED_DEVICE_FAMILY = "1,2";
			};
			name = Debug;
		};
		7EBE2EEE2822CC85006A12CF /* Release */ = {
			isa = XCBuildConfiguration;
			buildSettings = {
				ASSETCATALOG_COMPILER_APPICON_NAME = AppIcon;
				ASSETCATALOG_COMPILER_GLOBAL_ACCENT_COLOR_NAME = AccentColor;
				CODE_SIGN_STYLE = Automatic;
				CURRENT_PROJECT_VERSION = 1;
				DEVELOPMENT_ASSET_PATHS = "\"Pickar/Preview Content\"";
				DEVELOPMENT_TEAM = 3F8C4P2T95;
				ENABLE_PREVIEWS = YES;
				GENERATE_INFOPLIST_FILE = YES;
				INFOPLIST_KEY_NSCameraUsageDescription = "";
				INFOPLIST_KEY_UIApplicationSupportsIndirectInputEvents = YES;
				INFOPLIST_KEY_UILaunchScreen_Generation = YES;
				INFOPLIST_KEY_UIRequiredDeviceCapabilities = arkit;
				INFOPLIST_KEY_UIStatusBarHidden = YES;
				INFOPLIST_KEY_UISupportedInterfaceOrientations_iPad = "UIInterfaceOrientationPortrait UIInterfaceOrientationPortraitUpsideDown UIInterfaceOrientationLandscapeLeft UIInterfaceOrientationLandscapeRight";
				INFOPLIST_KEY_UISupportedInterfaceOrientations_iPhone = "UIInterfaceOrientationPortrait UIInterfaceOrientationLandscapeLeft UIInterfaceOrientationLandscapeRight";
				LD_RUNPATH_SEARCH_PATHS = (
					"$(inherited)",
					"@executable_path/Frameworks",
				);
				MARKETING_VERSION = 1.0;
				PRODUCT_BUNDLE_IDENTIFIER = com.rivaldofez.Pickar;
				PRODUCT_NAME = "$(TARGET_NAME)";
				SWIFT_EMIT_LOC_STRINGS = YES;
				SWIFT_VERSION = 5.0;
				TARGETED_DEVICE_FAMILY = "1,2";
			};
			name = Release;
		};
/* End XCBuildConfiguration section */

/* Begin XCConfigurationList section */
		7EBE2ED72822CC83006A12CF /* Build configuration list for PBXProject "Pickar" */ = {
			isa = XCConfigurationList;
			buildConfigurations = (
				7EBE2EEA2822CC85006A12CF /* Debug */,
				7EBE2EEB2822CC85006A12CF /* Release */,
			);
			defaultConfigurationIsVisible = 0;
			defaultConfigurationName = Release;
		};
		7EBE2EEC2822CC85006A12CF /* Build configuration list for PBXNativeTarget "Pickar" */ = {
			isa = XCConfigurationList;
			buildConfigurations = (
				7EBE2EED2822CC85006A12CF /* Debug */,
				7EBE2EEE2822CC85006A12CF /* Release */,
			);
			defaultConfigurationIsVisible = 0;
			defaultConfigurationName = Release;
		};
/* End XCConfigurationList section */
	};
	rootObject = 7EBE2ED42822CC83006A12CF /* Project object */;
}
